github.com/gokrazy/internal v0.0.0-20220527192732-c79d6023dbc0 h1:krnyITnAiO4bhNpjdQFrG2ip+TuyRqT/h4m1IfbcVS4=
github.com/gokrazy/internal v0.0.0-20220527192732-c79d6023dbc0/go.mod h1:Gc9sU6yJ/qxg3gJZ1pjfcTAULa0swdTa4TH51g1e00E=
github.com/google/go-cmp v0.5.5 h1:Khx7svrCpmxxtHBq5j2mp/xVjsi8hQMfNLvJFAlrGgU=
